
Microsoft Visual Studio Solution File, Format Version 12.00
# Visual Studio Version 16
VisualStudioVersion = 16.0.32602.291
MinimumVisualStudioVersion = 10.0.40219.1
Project("{9A19103F-16F7-4668-BE54-9A1E7A4F7556}") = "MovieFinder", "MovieFinder\MovieFinder.csproj", "{DB6D3293-21AB-4CEF-9B4A-E2C8BD041CDE}"
	ProjectSection(ProjectDependencies) = postProject
		{9435DE41-243F-454A-A751-EF1241674350} = {9435DE41-243F-454A-A751-EF1241674350}
		{A04ABA5E-B328-4562-8AD7-908B0603F7CB} = {A04ABA5E-B328-4562-8AD7-908B0603F7CB}
	EndProjectSection
EndProject
Project("{9A19103F-16F7-4668-BE54-9A1E7A4F7556}") = "ClassesWithObjectModel", "ClassesWithObjectModel\ClassesWithObjectModel.csproj", "{9435DE41-243F-454A-A751-EF1241674350}"
EndProject
Project("{9A19103F-16F7-4668-BE54-9A1E7A4F7556}") = "MenuLib", "MenuLib\MenuLib.csproj", "{A04ABA5E-B328-4562-8AD7-908B0603F7CB}"
EndProject
Project("{9A19103F-16F7-4668-BE54-9A1E7A4F7556}") = "ManagerLib", "ManagerLib\ManagerLib.csproj", "{9399F63A-5C82-4179-AD7C-BA153C484B32}"
EndProject
Project("{FAE04EC0-301F-11D3-BF4B-00C04F79EFBC}") = "TableToDisplay", "TableToDisplay\TableToDisplay.csproj", "{93CD460B-23A4-45DB-8FDF-B96B2F105E79}"
EndProject
Global
	GlobalSection(SolutionConfigurationPlatforms) = preSolution
		Debug|Any CPU = Debug|Any CPU
		Release|Any CPU = Release|Any CPU
	EndGlobalSection
	GlobalSection(ProjectConfigurationPlatforms) = postSolution
		{DB6D3293-21AB-4CEF-9B4A-E2C8BD041CDE}.Debug|Any CPU.ActiveCfg = Debug|Any CPU
		{DB6D3293-21AB-4CEF-9B4A-E2C8BD041CDE}.Debug|Any CPU.Build.0 = Debug|Any CPU
		{DB6D3293-21AB-4CEF-9B4A-E2C8BD041CDE}.Release|Any CPU.ActiveCfg = Release|Any CPU
		{DB6D3293-21AB-4CEF-9B4A-E2C8BD041CDE}.Release|Any CPU.Build.0 = Release|Any CPU
		{9435DE41-243F-454A-A751-EF1241674350}.Debug|Any CPU.ActiveCfg = Debug|Any CPU
		{9435DE41-243F-454A-A751-EF1241674350}.Debug|Any CPU.Build.0 = Debug|Any CPU
		{9435DE41-243F-454A-A751-EF1241674350}.Release|Any CPU.ActiveCfg = Release|Any CPU
		{9435DE41-243F-454A-A751-EF1241674350}.Release|Any CPU.Build.0 = Release|Any CPU
		{A04ABA5E-B328-4562-8AD7-908B0603F7CB}.Debug|Any CPU.ActiveCfg = Debug|Any CPU
		{A04ABA5E-B328-4562-8AD7-908B0603F7CB}.Debug|Any CPU.Build.0 = Debug|Any CPU
		{A04ABA5E-B328-4562-8AD7-908B0603F7CB}.Release|Any CPU.ActiveCfg = Release|Any CPU
		{A04ABA5E-B328-4562-8AD7-908B0603F7CB}.Release|Any CPU.Build.0 = Release|Any CPU
		{9399F63A-5C82-4179-AD7C-BA153C484B32}.Debug|Any CPU.ActiveCfg = Debug|Any CPU
		{9399F63A-5C82-4179-AD7C-BA153C484B32}.Debug|Any CPU.Build.0 = Debug|Any CPU
		{9399F63A-5C82-4179-AD7C-BA153C484B32}.Release|Any CPU.ActiveCfg = Release|Any CPU
		{9399F63A-5C82-4179-AD7C-BA153C484B32}.Release|Any CPU.Build.0 = Release|Any CPU
		{93CD460B-23A4-45DB-8FDF-B96B2F105E79}.Debug|Any CPU.ActiveCfg = Debug|Any CPU
		{93CD460B-23A4-45DB-8FDF-B96B2F105E79}.Debug|Any CPU.Build.0 = Debug|Any CPU
		{93CD460B-23A4-45DB-8FDF-B96B2F105E79}.Release|Any CPU.ActiveCfg = Release|Any CPU
		{93CD460B-23A4-45DB-8FDF-B96B2F105E79}.Release|Any CPU.Build.0 = Release|Any CPU
	EndGlobalSection
	GlobalSection(SolutionProperties) = preSolution
		HideSolutionNode = FALSE
	EndGlobalSection
	GlobalSection(ExtensibilityGlobals) = postSolution
		SolutionGuid = {1F298D84-D217-45B2-9F17-0F621F9F82DF}
	EndGlobalSection
EndGlobal
